
Microsoft Visual Studio Solution File, Format Version 12.00
# Visual Studio Version 16
VisualStudioVersion = 16.0.30406.217
MinimumVisualStudioVersion = 10.0.40219.1
Project("{FAE04EC0-301F-11D3-BF4B-00C04F79EFBC}") = "sl-vera-covid19.mvc", "sl-vera-covid19.mvc\sl-vera-covid19.mvc.csproj", "{8A7684D0-B74C-456E-926B-08971365DBE1}"
EndProject
Global
	GlobalSection(SolutionConfigurationPlatforms) = preSolution
		Debug|Any CPU = Debug|Any CPU
		Release|Any CPU = Release|Any CPU
	EndGlobalSection
	GlobalSection(ProjectConfigurationPlatforms) = postSolution
		{8A7684D0-B74C-456E-926B-08971365DBE1}.Debug|Any CPU.ActiveCfg = Debug|Any CPU
		{8A7684D0-B74C-456E-926B-08971365DBE1}.Debug|Any CPU.Build.0 = Debug|Any CPU
		{8A7684D0-B74C-456E-926B-08971365DBE1}.Release|Any CPU.ActiveCfg = Release|Any CPU
		{8A7684D0-B74C-456E-926B-08971365DBE1}.Release|Any CPU.Build.0 = Release|Any CPU
	EndGlobalSection
	GlobalSection(SolutionProperties) = preSolution
		HideSolutionNode = FALSE
	EndGlobalSection
	GlobalSection(ExtensibilityGlobals) = postSolution
		SolutionGuid = {4FA9D812-DA91-499F-B2C8-82242882D483}
	EndGlobalSection
EndGlobal
